
Microsoft Visual Studio Solution File, Format Version 12.00
# Visual Studio 2013
VisualStudioVersion = 12.0.40629.0
MinimumVisualStudioVersion = 10.0.40219.1
Project("{2150E333-8FDC-42A3-9474-1A3956D46DE8}") = "BackEnd", "BackEnd", "{E01C215A-C585-442F-B9E4-7CBB0FA2AEDF}"
EndProject
Project("{FAE04EC0-301F-11D3-BF4B-00C04F79EFBC}") = "LibEntityVentas", "LibEntityVentas\LibEntityVentas.csproj", "{A55414BB-7DA6-4B38-918B-C258963AB701}"
EndProject
Project("{FAE04EC0-301F-11D3-BF4B-00C04F79EFBC}") = "ConsolePrueba", "ConsolePrueba\ConsolePrueba.csproj", "{0145E27D-9971-4DC0-8C56-C34A0147130A}"
EndProject
Project("{2150E333-8FDC-42A3-9474-1A3956D46DE8}") = "Entitys", "Entitys", "{C72FBFDA-E436-4729-838C-70576381FF6D}"
EndProject
Project("{2150E333-8FDC-42A3-9474-1A3956D46DE8}") = "DTO", "DTO", "{84C1FBC0-1EA6-4A88-AA50-20C52E137632}"
EndProject
Project("{FAE04EC0-301F-11D3-BF4B-00C04F79EFBC}") = "DtoLibCompra", "DtoLibCompra\DtoLibCompra.csproj", "{3FA8A530-2A67-4AE4-B4AA-BEE712D6B928}"
EndProject
Project("{FAE04EC0-301F-11D3-BF4B-00C04F79EFBC}") = "DtoLibVenta", "DtoLibVenta\DtoLibVenta.csproj", "{63850826-D176-4D1C-8FBC-403AE1BE3178}"
EndProject
Project("{FAE04EC0-301F-11D3-BF4B-00C04F79EFBC}") = "DtoLib", "DtoLib\DtoLib.csproj", "{E3C87F6F-706F-49FE-BF6E-BDEEEF37945D}"
EndProject
Project("{2150E333-8FDC-42A3-9474-1A3956D46DE8}") = "IProvider", "IProvider", "{97A55426-2BE5-47C0-8D0A-0795A64BA66A}"
EndProject
Project("{2150E333-8FDC-42A3-9474-1A3956D46DE8}") = "Ventas", "Ventas", "{31B30143-52AE-4AB4-8807-77901DD959DE}"
EndProject
Project("{2150E333-8FDC-42A3-9474-1A3956D46DE8}") = "Compras", "Compras", "{254BA7C2-D06E-4FE9-A2ED-F69823DE94C4}"
EndProject
Project("{FAE04EC0-301F-11D3-BF4B-00C04F79EFBC}") = "ILibCompras", "ILibCompras\ILibCompras.csproj", "{B2145B78-EB48-4705-ADA8-68DA9AC0D632}"
EndProject
Project("{2150E333-8FDC-42A3-9474-1A3956D46DE8}") = "Provider", "Provider", "{D28C6A37-ED89-4D76-894E-1AD4BE79BB0D}"
EndProject
Project("{FAE04EC0-301F-11D3-BF4B-00C04F79EFBC}") = "ProvLibCompra", "ProvLibCompra\ProvLibCompra.csproj", "{C15017DA-C618-44AE-9851-5FC9D06ACAB5}"
EndProject
Project("{FAE04EC0-301F-11D3-BF4B-00C04F79EFBC}") = "ILibVentas", "ILibVentas\ILibVentas.csproj", "{DCEAF01D-4AB3-4406-856F-119A9FBA09D3}"
EndProject
Project("{FAE04EC0-301F-11D3-BF4B-00C04F79EFBC}") = "ProvLibVenta", "ProvLibVenta\ProvLibVenta.csproj", "{97914C74-9088-463D-96FA-FCC665FAE949}"
EndProject
Project("{FAE04EC0-301F-11D3-BF4B-00C04F79EFBC}") = "DtoLibPosOffLine", "DtoLibPosOffLine\DtoLibPosOffLine.csproj", "{4CA2ED58-64C9-4F31-AC14-6791BDC401E8}"
EndProject
Project("{2150E333-8FDC-42A3-9474-1A3956D46DE8}") = "PosOffLine", "PosOffLine", "{32CC2461-3641-471A-BA2C-B696CE2C532E}"
EndProject
Project("{FAE04EC0-301F-11D3-BF4B-00C04F79EFBC}") = "IPosOffLine", "IPosOffLine\IPosOffLine.csproj", "{AA9B9896-E936-4AD5-8BE1-646B1E2FFD0B}"
EndProject
Project("{FAE04EC0-301F-11D3-BF4B-00C04F79EFBC}") = "LibEntitySqLitePosOffLine", "LibEntitySqLitePosOffLine\LibEntitySqLitePosOffLine.csproj", "{4F2012CD-60FA-4421-A2EA-BA13C617C8B7}"
EndProject
Project("{FAE04EC0-301F-11D3-BF4B-00C04F79EFBC}") = "ProvSqLitePosOffLine", "ProvSqLitePosOffLine\ProvSqLitePosOffLine.csproj", "{47362316-48F5-4243-9553-FF8C37CC14D1}"
EndProject
Project("{FAE04EC0-301F-11D3-BF4B-00C04F79EFBC}") = "ConsolaPosOffLine", "ConsolaPosOffLine\ConsolaPosOffLine.csproj", "{52AA44F1-D8A7-48CE-A829-044CCCBDAAB7}"
EndProject
Project("{FAE04EC0-301F-11D3-BF4B-00C04F79EFBC}") = "ConsoleMySql", "ConsoleMySql\ConsoleMySql.csproj", "{77C564A5-36E1-4F27-BE9C-B7EC759A2C0C}"
EndProject
Project("{2150E333-8FDC-42A3-9474-1A3956D46DE8}") = "Inventario", "Inventario", "{B10625C3-A7C0-4145-961A-D1E4CD9976AF}"
EndProject
Project("{FAE04EC0-301F-11D3-BF4B-00C04F79EFBC}") = "ILibInventario", "ILibInventario\ILibInventario.csproj", "{68C6E444-F58C-4EE6-9555-080761BB8945}"
EndProject
Project("{FAE04EC0-301F-11D3-BF4B-00C04F79EFBC}") = "DtoLibInventario", "DtoLinInventario\DtoLibInventario.csproj", "{9E780E01-310F-41BE-88E2-FDF4FE60AF3F}"
EndProject
Project("{FAE04EC0-301F-11D3-BF4B-00C04F79EFBC}") = "LibEntityInventario", "LibEntityInventario\LibEntityInventario.csproj", "{F0D6EE91-19AA-4604-8B48-B35977B66008}"
EndProject
Project("{FAE04EC0-301F-11D3-BF4B-00C04F79EFBC}") = "ProvLibInventario", "ProvLibInventario\ProvLibInventario.csproj", "{1EE7AA8D-550F-49C4-AD62-3517ED09DECD}"
EndProject
Project("{FAE04EC0-301F-11D3-BF4B-00C04F79EFBC}") = "ConsoleInventario", "ConsoleInventario\ConsoleInventario.csproj", "{571FC4F9-3E45-4DAC-B5A2-BACA1DD07C52}"
EndProject
Project("{FAE04EC0-301F-11D3-BF4B-00C04F79EFBC}") = "DtoLibSistema", "DtoLibSistema\DtoLibSistema.csproj", "{2C4A24DE-844E-4A2D-AE92-0481D9BF1F61}"
EndProject
Project("{FAE04EC0-301F-11D3-BF4B-00C04F79EFBC}") = "LibEntitySistema", "LibEntitySistema\LibEntitySistema.csproj", "{19399DDA-275B-4E2F-82E0-DA922F389AFF}"
EndProject
Project("{2150E333-8FDC-42A3-9474-1A3956D46DE8}") = "Sistema", "Sistema", "{FB8CFF56-23CB-4021-B0B7-16E3C7C93156}"
EndProject
Project("{FAE04EC0-301F-11D3-BF4B-00C04F79EFBC}") = "ILibSistema", "ILibSistema\ILibSistema.csproj", "{15B3F18F-8F48-442F-95F2-DB5F6F4AB54A}"
EndProject
Project("{FAE04EC0-301F-11D3-BF4B-00C04F79EFBC}") = "ProvLibSistema", "ProvLibSistema\ProvLibSistema.csproj", "{A8D22C21-4E36-4068-89AA-9A1BCC29A535}"
EndProject
Project("{FAE04EC0-301F-11D3-BF4B-00C04F79EFBC}") = "ConsoleSistema", "ConsoleSistema\ConsoleSistema.csproj", "{DE81B643-D59B-442D-9DC3-AE70B8921C22}"
EndProject
Project("{FAE04EC0-301F-11D3-BF4B-00C04F79EFBC}") = "DtoLibCajaBanco", "DtoLibCajaBanco\DtoLibCajaBanco.csproj", "{F033B9DA-B986-48E9-B40C-87135223FB7E}"
EndProject
Project("{FAE04EC0-301F-11D3-BF4B-00C04F79EFBC}") = "LibEntityCajaBanco", "LibEntityCajaBanco\LibEntityCajaBanco.csproj", "{3E2CA5F4-CC72-4B9E-AB3E-33830999D906}"
EndProject
Project("{2150E333-8FDC-42A3-9474-1A3956D46DE8}") = "CajaBanco", "CajaBanco", "{349476D4-790C-43FF-BD3D-318497CC7297}"
EndProject
Project("{FAE04EC0-301F-11D3-BF4B-00C04F79EFBC}") = "ILibCajaBanco", "ILibCajaBanco\ILibCajaBanco.csproj", "{459863D4-309B-4D60-85B3-F69D2DFC9F65}"
EndProject
Project("{FAE04EC0-301F-11D3-BF4B-00C04F79EFBC}") = "ProvLibCajaBanco", "ProvLibCajaBanco\ProvLibCajaBanco.csproj", "{FB541174-1C55-4180-ACC0-F710FD03FECD}"
EndProject
Project("{FAE04EC0-301F-11D3-BF4B-00C04F79EFBC}") = "ConsoleCajaBanco", "ConsoleCajaBanco\ConsoleCajaBanco.csproj", "{E8C207F0-2AB3-44F7-A98F-3DC1B30B84BD}"
EndProject
Project("{FAE04EC0-301F-11D3-BF4B-00C04F79EFBC}") = "LibEntityCompra", "LibEntityCompra\LibEntityCompra.csproj", "{0DD33501-ED43-4CFA-835D-50E3C28DA628}"
EndProject
Project("{FAE04EC0-301F-11D3-BF4B-00C04F79EFBC}") = "ConsoleCompra", "ConsoleCompra\ConsoleCompra.csproj", "{C973A5A0-0017-449D-BBBD-4B46BEBCD5DE}"
EndProject
Global
	GlobalSection(SolutionConfigurationPlatforms) = preSolution
		Debug|Any CPU = Debug|Any CPU
		Release|Any CPU = Release|Any CPU
	EndGlobalSection
	GlobalSection(ProjectConfigurationPlatforms) = postSolution
		{A55414BB-7DA6-4B38-918B-C258963AB701}.Debug|Any CPU.ActiveCfg = Debug|Any CPU
		{A55414BB-7DA6-4B38-918B-C258963AB701}.Debug|Any CPU.Build.0 = Debug|Any CPU
		{A55414BB-7DA6-4B38-918B-C258963AB701}.Release|Any CPU.ActiveCfg = Release|Any CPU
		{A55414BB-7DA6-4B38-918B-C258963AB701}.Release|Any CPU.Build.0 = Release|Any CPU
		{0145E27D-9971-4DC0-8C56-C34A0147130A}.Debug|Any CPU.ActiveCfg = Debug|Any CPU
		{0145E27D-9971-4DC0-8C56-C34A0147130A}.Debug|Any CPU.Build.0 = Debug|Any CPU
		{0145E27D-9971-4DC0-8C56-C34A0147130A}.Release|Any CPU.ActiveCfg = Release|Any CPU
		{0145E27D-9971-4DC0-8C56-C34A0147130A}.Release|Any CPU.Build.0 = Release|Any CPU
		{3FA8A530-2A67-4AE4-B4AA-BEE712D6B928}.Debug|Any CPU.ActiveCfg = Debug|Any CPU
		{3FA8A530-2A67-4AE4-B4AA-BEE712D6B928}.Debug|Any CPU.Build.0 = Debug|Any CPU
		{3FA8A530-2A67-4AE4-B4AA-BEE712D6B928}.Release|Any CPU.ActiveCfg = Release|Any CPU
		{3FA8A530-2A67-4AE4-B4AA-BEE712D6B928}.Release|Any CPU.Build.0 = Release|Any CPU
		{63850826-D176-4D1C-8FBC-403AE1BE3178}.Debug|Any CPU.ActiveCfg = Debug|Any CPU
		{63850826-D176-4D1C-8FBC-403AE1BE3178}.Debug|Any CPU.Build.0 = Debug|Any CPU
		{63850826-D176-4D1C-8FBC-403AE1BE3178}.Release|Any CPU.ActiveCfg = Release|Any CPU
		{63850826-D176-4D1C-8FBC-403AE1BE3178}.Release|Any CPU.Build.0 = Release|Any CPU
		{E3C87F6F-706F-49FE-BF6E-BDEEEF37945D}.Debug|Any CPU.ActiveCfg = Debug|Any CPU
		{E3C87F6F-706F-49FE-BF6E-BDEEEF37945D}.Debug|Any CPU.Build.0 = Debug|Any CPU
		{E3C87F6F-706F-49FE-BF6E-BDEEEF37945D}.Release|Any CPU.ActiveCfg = Release|Any CPU
		{E3C87F6F-706F-49FE-BF6E-BDEEEF37945D}.Release|Any CPU.Build.0 = Release|Any CPU
		{B2145B78-EB48-4705-ADA8-68DA9AC0D632}.Debug|Any CPU.ActiveCfg = Debug|Any CPU
		{B2145B78-EB48-4705-ADA8-68DA9AC0D632}.Debug|Any CPU.Build.0 = Debug|Any CPU
		{B2145B78-EB48-4705-ADA8-68DA9AC0D632}.Release|Any CPU.ActiveCfg = Release|Any CPU
		{B2145B78-EB48-4705-ADA8-68DA9AC0D632}.Release|Any CPU.Build.0 = Release|Any CPU
		{C15017DA-C618-44AE-9851-5FC9D06ACAB5}.Debug|Any CPU.ActiveCfg = Debug|Any CPU
		{C15017DA-C618-44AE-9851-5FC9D06ACAB5}.Debug|Any CPU.Build.0 = Debug|Any CPU
		{C15017DA-C618-44AE-9851-5FC9D06ACAB5}.Release|Any CPU.ActiveCfg = Release|Any CPU
		{C15017DA-C618-44AE-9851-5FC9D06ACAB5}.Release|Any CPU.Build.0 = Release|Any CPU
		{DCEAF01D-4AB3-4406-856F-119A9FBA09D3}.Debug|Any CPU.ActiveCfg = Debug|Any CPU
		{DCEAF01D-4AB3-4406-856F-119A9FBA09D3}.Debug|Any CPU.Build.0 = Debug|Any CPU
		{DCEAF01D-4AB3-4406-856F-119A9FBA09D3}.Release|Any CPU.ActiveCfg = Release|Any CPU
		{DCEAF01D-4AB3-4406-856F-119A9FBA09D3}.Release|Any CPU.Build.0 = Release|Any CPU
		{97914C74-9088-463D-96FA-FCC665FAE949}.Debug|Any CPU.ActiveCfg = Debug|Any CPU
		{97914C74-9088-463D-96FA-FCC665FAE949}.Debug|Any CPU.Build.0 = Debug|Any CPU
		{97914C74-9088-463D-96FA-FCC665FAE949}.Release|Any CPU.ActiveCfg = Release|Any CPU
		{97914C74-9088-463D-96FA-FCC665FAE949}.Release|Any CPU.Build.0 = Release|Any CPU
		{4CA2ED58-64C9-4F31-AC14-6791BDC401E8}.Debug|Any CPU.ActiveCfg = Debug|Any CPU
		{4CA2ED58-64C9-4F31-AC14-6791BDC401E8}.Debug|Any CPU.Build.0 = Debug|Any CPU
		{4CA2ED58-64C9-4F31-AC14-6791BDC401E8}.Release|Any CPU.ActiveCfg = Release|Any CPU
		{4CA2ED58-64C9-4F31-AC14-6791BDC401E8}.Release|Any CPU.Build.0 = Release|Any CPU
		{AA9B9896-E936-4AD5-8BE1-646B1E2FFD0B}.Debug|Any CPU.ActiveCfg = Debug|Any CPU
		{AA9B9896-E936-4AD5-8BE1-646B1E2FFD0B}.Debug|Any CPU.Build.0 = Debug|Any CPU
		{AA9B9896-E936-4AD5-8BE1-646B1E2FFD0B}.Release|Any CPU.ActiveCfg = Release|Any CPU
		{AA9B9896-E936-4AD5-8BE1-646B1E2FFD0B}.Release|Any CPU.Build.0 = Release|Any CPU
		{4F2012CD-60FA-4421-A2EA-BA13C617C8B7}.Debug|Any CPU.ActiveCfg = Debug|Any CPU
		{4F2012CD-60FA-4421-A2EA-BA13C617C8B7}.Debug|Any CPU.Build.0 = Debug|Any CPU
		{4F2012CD-60FA-4421-A2EA-BA13C617C8B7}.Release|Any CPU.ActiveCfg = Release|Any CPU
		{4F2012CD-60FA-4421-A2EA-BA13C617C8B7}.Release|Any CPU.Build.0 = Release|Any CPU
		{47362316-48F5-4243-9553-FF8C37CC14D1}.Debug|Any CPU.ActiveCfg = Debug|Any CPU
		{47362316-48F5-4243-9553-FF8C37CC14D1}.Debug|Any CPU.Build.0 = Debug|Any CPU
		{47362316-48F5-4243-9553-FF8C37CC14D1}.Release|Any CPU.ActiveCfg = Release|Any CPU
		{47362316-48F5-4243-9553-FF8C37CC14D1}.Release|Any CPU.Build.0 = Release|Any CPU
		{52AA44F1-D8A7-48CE-A829-044CCCBDAAB7}.Debug|Any CPU.ActiveCfg = Debug|Any CPU
		{52AA44F1-D8A7-48CE-A829-044CCCBDAAB7}.Debug|Any CPU.Build.0 = Debug|Any CPU
		{52AA44F1-D8A7-48CE-A829-044CCCBDAAB7}.Release|Any CPU.ActiveCfg = Release|Any CPU
		{52AA44F1-D8A7-48CE-A829-044CCCBDAAB7}.Release|Any CPU.Build.0 = Release|Any CPU
		{77C564A5-36E1-4F27-BE9C-B7EC759A2C0C}.Debug|Any CPU.ActiveCfg = Debug|Any CPU
		{77C564A5-36E1-4F27-BE9C-B7EC759A2C0C}.Debug|Any CPU.Build.0 = Debug|Any CPU
		{77C564A5-36E1-4F27-BE9C-B7EC759A2C0C}.Release|Any CPU.ActiveCfg = Release|Any CPU
		{77C564A5-36E1-4F27-BE9C-B7EC759A2C0C}.Release|Any CPU.Build.0 = Release|Any CPU
		{68C6E444-F58C-4EE6-9555-080761BB8945}.Debug|Any CPU.ActiveCfg = Debug|Any CPU
		{68C6E444-F58C-4EE6-9555-080761BB8945}.Debug|Any CPU.Build.0 = Debug|Any CPU
		{68C6E444-F58C-4EE6-9555-080761BB8945}.Release|Any CPU.ActiveCfg = Release|Any CPU
		{68C6E444-F58C-4EE6-9555-080761BB8945}.Release|Any CPU.Build.0 = Release|Any CPU
		{9E780E01-310F-41BE-88E2-FDF4FE60AF3F}.Debug|Any CPU.ActiveCfg = Debug|Any CPU
		{9E780E01-310F-41BE-88E2-FDF4FE60AF3F}.Debug|Any CPU.Build.0 = Debug|Any CPU
		{9E780E01-310F-41BE-88E2-FDF4FE60AF3F}.Release|Any CPU.ActiveCfg = Release|Any CPU
		{9E780E01-310F-41BE-88E2-FDF4FE60AF3F}.Release|Any CPU.Build.0 = Release|Any CPU
		{F0D6EE91-19AA-4604-8B48-B35977B66008}.Debug|Any CPU.ActiveCfg = Debug|Any CPU
		{F0D6EE91-19AA-4604-8B48-B35977B66008}.Debug|Any CPU.Build.0 = Debug|Any CPU
		{F0D6EE91-19AA-4604-8B48-B35977B66008}.Release|Any CPU.ActiveCfg = Release|Any CPU
		{F0D6EE91-19AA-4604-8B48-B35977B66008}.Release|Any CPU.Build.0 = Release|Any CPU
		{1EE7AA8D-550F-49C4-AD62-3517ED09DECD}.Debug|Any CPU.ActiveCfg = Debug|Any CPU
		{1EE7AA8D-550F-49C4-AD62-3517ED09DECD}.Debug|Any CPU.Build.0 = Debug|Any CPU
		{1EE7AA8D-550F-49C4-AD62-3517ED09DECD}.Release|Any CPU.ActiveCfg = Release|Any CPU
		{1EE7AA8D-550F-49C4-AD62-3517ED09DECD}.Release|Any CPU.Build.0 = Release|Any CPU
		{571FC4F9-3E45-4DAC-B5A2-BACA1DD07C52}.Debug|Any CPU.ActiveCfg = Debug|Any CPU
		{571FC4F9-3E45-4DAC-B5A2-BACA1DD07C52}.Debug|Any CPU.Build.0 = Debug|Any CPU
		{571FC4F9-3E45-4DAC-B5A2-BACA1DD07C52}.Release|Any CPU.ActiveCfg = Release|Any CPU
		{571FC4F9-3E45-4DAC-B5A2-BACA1DD07C52}.Release|Any CPU.Build.0 = Release|Any CPU
		{2C4A24DE-844E-4A2D-AE92-0481D9BF1F61}.Debug|Any CPU.ActiveCfg = Debug|Any CPU
		{2C4A24DE-844E-4A2D-AE92-0481D9BF1F61}.Debug|Any CPU.Build.0 = Debug|Any CPU
		{2C4A24DE-844E-4A2D-AE92-0481D9BF1F61}.Release|Any CPU.ActiveCfg = Release|Any CPU
		{2C4A24DE-844E-4A2D-AE92-0481D9BF1F61}.Release|Any CPU.Build.0 = Release|Any CPU
		{19399DDA-275B-4E2F-82E0-DA922F389AFF}.Debug|Any CPU.ActiveCfg = Debug|Any CPU
		{19399DDA-275B-4E2F-82E0-DA922F389AFF}.Debug|Any CPU.Build.0 = Debug|Any CPU
		{19399DDA-275B-4E2F-82E0-DA922F389AFF}.Release|Any CPU.ActiveCfg = Release|Any CPU
		{19399DDA-275B-4E2F-82E0-DA922F389AFF}.Release|Any CPU.Build.0 = Release|Any CPU
		{15B3F18F-8F48-442F-95F2-DB5F6F4AB54A}.Debug|Any CPU.ActiveCfg = Debug|Any CPU
		{15B3F18F-8F48-442F-95F2-DB5F6F4AB54A}.Debug|Any CPU.Build.0 = Debug|Any CPU
		{15B3F18F-8F48-442F-95F2-DB5F6F4AB54A}.Release|Any CPU.ActiveCfg = Release|Any CPU
		{15B3F18F-8F48-442F-95F2-DB5F6F4AB54A}.Release|Any CPU.Build.0 = Release|Any CPU
		{A8D22C21-4E36-4068-89AA-9A1BCC29A535}.Debug|Any CPU.ActiveCfg = Debug|Any CPU
		{A8D22C21-4E36-4068-89AA-9A1BCC29A535}.Debug|Any CPU.Build.0 = Debug|Any CPU
		{A8D22C21-4E36-4068-89AA-9A1BCC29A535}.Release|Any CPU.ActiveCfg = Release|Any CPU
		{A8D22C21-4E36-4068-89AA-9A1BCC29A535}.Release|Any CPU.Build.0 = Release|Any CPU
		{DE81B643-D59B-442D-9DC3-AE70B8921C22}.Debug|Any CPU.ActiveCfg = Debug|Any CPU
		{DE81B643-D59B-442D-9DC3-AE70B8921C22}.Debug|Any CPU.Build.0 = Debug|Any CPU
		{DE81B643-D59B-442D-9DC3-AE70B8921C22}.Release|Any CPU.ActiveCfg = Release|Any CPU
		{DE81B643-D59B-442D-9DC3-AE70B8921C22}.Release|Any CPU.Build.0 = Release|Any CPU
		{F033B9DA-B986-48E9-B40C-87135223FB7E}.Debug|Any CPU.ActiveCfg = Debug|Any CPU
		{F033B9DA-B986-48E9-B40C-87135223FB7E}.Debug|Any CPU.Build.0 = Debug|Any CPU
		{F033B9DA-B986-48E9-B40C-87135223FB7E}.Release|Any CPU.ActiveCfg = Release|Any CPU
		{F033B9DA-B986-48E9-B40C-87135223FB7E}.Release|Any CPU.Build.0 = Release|Any CPU
		{3E2CA5F4-CC72-4B9E-AB3E-33830999D906}.Debug|Any CPU.ActiveCfg = Debug|Any CPU
		{3E2CA5F4-CC72-4B9E-AB3E-33830999D906}.Debug|Any CPU.Build.0 = Debug|Any CPU
		{3E2CA5F4-CC72-4B9E-AB3E-33830999D906}.Release|Any CPU.ActiveCfg = Release|Any CPU
		{3E2CA5F4-CC72-4B9E-AB3E-33830999D906}.Release|Any CPU.Build.0 = Release|Any CPU
		{459863D4-309B-4D60-85B3-F69D2DFC9F65}.Debug|Any CPU.ActiveCfg = Debug|Any CPU
		{459863D4-309B-4D60-85B3-F69D2DFC9F65}.Debug|Any CPU.Build.0 = Debug|Any CPU
		{459863D4-309B-4D60-85B3-F69D2DFC9F65}.Release|Any CPU.ActiveCfg = Release|Any CPU
		{459863D4-309B-4D60-85B3-F69D2DFC9F65}.Release|Any CPU.Build.0 = Release|Any CPU
		{FB541174-1C55-4180-ACC0-F710FD03FECD}.Debug|Any CPU.ActiveCfg = Debug|Any CPU
		{FB541174-1C55-4180-ACC0-F710FD03FECD}.Debug|Any CPU.Build.0 = Debug|Any CPU
		{FB541174-1C55-4180-ACC0-F710FD03FECD}.Release|Any CPU.ActiveCfg = Release|Any CPU
		{FB541174-1C55-4180-ACC0-F710FD03FECD}.Release|Any CPU.Build.0 = Release|Any CPU
		{E8C207F0-2AB3-44F7-A98F-3DC1B30B84BD}.Debug|Any CPU.ActiveCfg = Debug|Any CPU
		{E8C207F0-2AB3-44F7-A98F-3DC1B30B84BD}.Debug|Any CPU.Build.0 = Debug|Any CPU
		{E8C207F0-2AB3-44F7-A98F-3DC1B30B84BD}.Release|Any CPU.ActiveCfg = Release|Any CPU
		{E8C207F0-2AB3-44F7-A98F-3DC1B30B84BD}.Release|Any CPU.Build.0 = Release|Any CPU
		{0DD33501-ED43-4CFA-835D-50E3C28DA628}.Debug|Any CPU.ActiveCfg = Debug|Any CPU
		{0DD33501-ED43-4CFA-835D-50E3C28DA628}.Debug|Any CPU.Build.0 = Debug|Any CPU
		{0DD33501-ED43-4CFA-835D-50E3C28DA628}.Release|Any CPU.ActiveCfg = Release|Any CPU
		{0DD33501-ED43-4CFA-835D-50E3C28DA628}.Release|Any CPU.Build.0 = Release|Any CPU
		{C973A5A0-0017-449D-BBBD-4B46BEBCD5DE}.Debug|Any CPU.ActiveCfg = Debug|Any CPU
		{C973A5A0-0017-449D-BBBD-4B46BEBCD5DE}.Debug|Any CPU.Build.0 = Debug|Any CPU
		{C973A5A0-0017-449D-BBBD-4B46BEBCD5DE}.Release|Any CPU.ActiveCfg = Release|Any CPU
		{C973A5A0-0017-449D-BBBD-4B46BEBCD5DE}.Release|Any CPU.Build.0 = Release|Any CPU
	EndGlobalSection
	GlobalSection(SolutionProperties) = preSolution
		HideSolutionNode = FALSE
	EndGlobalSection
	GlobalSection(NestedProjects) = preSolution
		{A55414BB-7DA6-4B38-918B-C258963AB701} = {C72FBFDA-E436-4729-838C-70576381FF6D}
		{0145E27D-9971-4DC0-8C56-C34A0147130A} = {E01C215A-C585-442F-B9E4-7CBB0FA2AEDF}
		{C72FBFDA-E436-4729-838C-70576381FF6D} = {E01C215A-C585-442F-B9E4-7CBB0FA2AEDF}
		{84C1FBC0-1EA6-4A88-AA50-20C52E137632} = {E01C215A-C585-442F-B9E4-7CBB0FA2AEDF}
		{3FA8A530-2A67-4AE4-B4AA-BEE712D6B928} = {84C1FBC0-1EA6-4A88-AA50-20C52E137632}
		{63850826-D176-4D1C-8FBC-403AE1BE3178} = {84C1FBC0-1EA6-4A88-AA50-20C52E137632}
		{E3C87F6F-706F-49FE-BF6E-BDEEEF37945D} = {84C1FBC0-1EA6-4A88-AA50-20C52E137632}
		{97A55426-2BE5-47C0-8D0A-0795A64BA66A} = {E01C215A-C585-442F-B9E4-7CBB0FA2AEDF}
		{31B30143-52AE-4AB4-8807-77901DD959DE} = {97A55426-2BE5-47C0-8D0A-0795A64BA66A}
		{254BA7C2-D06E-4FE9-A2ED-F69823DE94C4} = {97A55426-2BE5-47C0-8D0A-0795A64BA66A}
		{B2145B78-EB48-4705-ADA8-68DA9AC0D632} = {254BA7C2-D06E-4FE9-A2ED-F69823DE94C4}
		{D28C6A37-ED89-4D76-894E-1AD4BE79BB0D} = {E01C215A-C585-442F-B9E4-7CBB0FA2AEDF}
		{C15017DA-C618-44AE-9851-5FC9D06ACAB5} = {D28C6A37-ED89-4D76-894E-1AD4BE79BB0D}
		{DCEAF01D-4AB3-4406-856F-119A9FBA09D3} = {31B30143-52AE-4AB4-8807-77901DD959DE}
		{97914C74-9088-463D-96FA-FCC665FAE949} = {D28C6A37-ED89-4D76-894E-1AD4BE79BB0D}
		{4CA2ED58-64C9-4F31-AC14-6791BDC401E8} = {84C1FBC0-1EA6-4A88-AA50-20C52E137632}
		{32CC2461-3641-471A-BA2C-B696CE2C532E} = {97A55426-2BE5-47C0-8D0A-0795A64BA66A}
		{AA9B9896-E936-4AD5-8BE1-646B1E2FFD0B} = {32CC2461-3641-471A-BA2C-B696CE2C532E}
		{4F2012CD-60FA-4421-A2EA-BA13C617C8B7} = {C72FBFDA-E436-4729-838C-70576381FF6D}
		{47362316-48F5-4243-9553-FF8C37CC14D1} = {D28C6A37-ED89-4D76-894E-1AD4BE79BB0D}
		{52AA44F1-D8A7-48CE-A829-044CCCBDAAB7} = {E01C215A-C585-442F-B9E4-7CBB0FA2AEDF}
		{77C564A5-36E1-4F27-BE9C-B7EC759A2C0C} = {E01C215A-C585-442F-B9E4-7CBB0FA2AEDF}
		{B10625C3-A7C0-4145-961A-D1E4CD9976AF} = {97A55426-2BE5-47C0-8D0A-0795A64BA66A}
		{68C6E444-F58C-4EE6-9555-080761BB8945} = {B10625C3-A7C0-4145-961A-D1E4CD9976AF}
		{9E780E01-310F-41BE-88E2-FDF4FE60AF3F} = {84C1FBC0-1EA6-4A88-AA50-20C52E137632}
		{F0D6EE91-19AA-4604-8B48-B35977B66008} = {C72FBFDA-E436-4729-838C-70576381FF6D}
		{1EE7AA8D-550F-49C4-AD62-3517ED09DECD} = {D28C6A37-ED89-4D76-894E-1AD4BE79BB0D}
		{571FC4F9-3E45-4DAC-B5A2-BACA1DD07C52} = {E01C215A-C585-442F-B9E4-7CBB0FA2AEDF}
		{2C4A24DE-844E-4A2D-AE92-0481D9BF1F61} = {84C1FBC0-1EA6-4A88-AA50-20C52E137632}
		{19399DDA-275B-4E2F-82E0-DA922F389AFF} = {C72FBFDA-E436-4729-838C-70576381FF6D}
		{FB8CFF56-23CB-4021-B0B7-16E3C7C93156} = {97A55426-2BE5-47C0-8D0A-0795A64BA66A}
		{15B3F18F-8F48-442F-95F2-DB5F6F4AB54A} = {FB8CFF56-23CB-4021-B0B7-16E3C7C93156}
		{A8D22C21-4E36-4068-89AA-9A1BCC29A535} = {D28C6A37-ED89-4D76-894E-1AD4BE79BB0D}
		{DE81B643-D59B-442D-9DC3-AE70B8921C22} = {E01C215A-C585-442F-B9E4-7CBB0FA2AEDF}
		{F033B9DA-B986-48E9-B40C-87135223FB7E} = {84C1FBC0-1EA6-4A88-AA50-20C52E137632}
		{3E2CA5F4-CC72-4B9E-AB3E-33830999D906} = {C72FBFDA-E436-4729-838C-70576381FF6D}
		{349476D4-790C-43FF-BD3D-318497CC7297} = {97A55426-2BE5-47C0-8D0A-0795A64BA66A}
		{459863D4-309B-4D60-85B3-F69D2DFC9F65} = {349476D4-790C-43FF-BD3D-318497CC7297}
		{FB541174-1C55-4180-ACC0-F710FD03FECD} = {D28C6A37-ED89-4D76-894E-1AD4BE79BB0D}
		{E8C207F0-2AB3-44F7-A98F-3DC1B30B84BD} = {E01C215A-C585-442F-B9E4-7CBB0FA2AEDF}
		{0DD33501-ED43-4CFA-835D-50E3C28DA628} = {C72FBFDA-E436-4729-838C-70576381FF6D}
		{C973A5A0-0017-449D-BBBD-4B46BEBCD5DE} = {E01C215A-C585-442F-B9E4-7CBB0FA2AEDF}
	EndGlobalSection
EndGlobal
